
Microsoft Visual Studio Solution File, Format Version 12.00
# Visual Studio 15
VisualStudioVersion = 15.0.28307.1525
MinimumVisualStudioVersion = 10.0.40219.1
Project("{9A19103F-16F7-4668-BE54-9A1E7A4F7556}") = "P.ObjectMapping", "P.ObjectMapping.csproj", "{59703DE4-A861-40D8-BA63-291795AA5318}"
EndProject
Global
	GlobalSection(SolutionConfigurationPlatforms) = preSolution
		Debug|Any CPU = Debug|Any CPU
		Release|Any CPU = Release|Any CPU
	EndGlobalSection
	GlobalSection(ProjectConfigurationPlatforms) = postSolution
		{59703DE4-A861-40D8-BA63-291795AA5318}.Debug|Any CPU.ActiveCfg = Debug|Any CPU
		{59703DE4-A861-40D8-BA63-291795AA5318}.Debug|Any CPU.Build.0 = Debug|Any CPU
		{59703DE4-A861-40D8-BA63-291795AA5318}.Release|Any CPU.ActiveCfg = Release|Any CPU
		{59703DE4-A861-40D8-BA63-291795AA5318}.Release|Any CPU.Build.0 = Release|Any CPU
	EndGlobalSection
	GlobalSection(SolutionProperties) = preSolution
		HideSolutionNode = FALSE
	EndGlobalSection
	GlobalSection(ExtensibilityGlobals) = postSolution
		SolutionGuid = {D9E0B91A-EE21-4564-A830-E2610D5145C5}
	EndGlobalSection
EndGlobal
